// !$*UTF8*$!
{
	archiveVersion = 1;
	classes = {
	};
	objectVersion = 56;
	objects = {

/* Begin PBXBuildFile section */
		1A1A1A1A1A1A1A1A1A1A1A1A /* ContactsDeduperApp.swift in Sources */ = {isa = PBXBuildFile; fileRef = 2A2A2A2A2A2A2A2A2A2A2A2A /* ContactsDeduperApp.swift */; };
		1B1B1B1B1B1B1B1B1B1B1B1B /* ContentView.swift in Sources */ = {isa = PBXBuildFile; fileRef = 2B2B2B2B2B2B2B2B2B2B2B2B /* ContentView.swift */; };
		1C1C1C1C1C1C1C1C1C1C1C1C /* ContactsManager.swift in Sources */ = {isa = PBXBuildFile; fileRef = 2C2C2C2C2C2C2C2C2C2C2C2C /* ContactsManager.swift */; };
		1D1D1D1D1D1D1D1D1D1D1D1D /* ContactsBackup.swift in Sources */ = {isa = PBXBuildFile; fileRef = 2F2F2F2F2F2F2F2F2F2F2F2F /* ContactsBackup.swift */; };
		1E1E1E1E1E1E1E1E1E1E1E1E /* Assets.xcassets in Resources */ = {isa = PBXBuildFile; fileRef = 2D2D2D2D2D2D2D2D2D2D2D2D /* Assets.xcassets */; };
		1F1F1F1F1F1F1F1F1F1F1F1F /* PrivacyInfo.xcprivacy in Resources */ = {isa = PBXBuildFile; fileRef = 2D2E2D2E2D2E2D2E2D2E2D2E /* PrivacyInfo.xcprivacy */; };
		CC0000000000000000000001 /* DuplicateMatchingTests.swift in Sources */ = {isa = PBXBuildFile; fileRef = CC0000000000000000000010 /* DuplicateMatchingTests.swift */; };
		CC0000000000000000000004 /* DuplicateMatchingPerformanceTests.swift in Sources */ = {isa = PBXBuildFile; fileRef = CC0000000000000000000012 /* DuplicateMatchingPerformanceTests.swift */; };
		CC0000000000000000000005 /* ContactsBackupTests.swift in Sources */ = {isa = PBXBuildFile; fileRef = CC0000000000000000000013 /* ContactsBackupTests.swift */; };
		CC0000000000000000000006 /* ContactMergeTests.swift in Sources */ = {isa = PBXBuildFile; fileRef = CC0000000000000000000014 /* ContactMergeTests.swift */; };
		CC0000000000000000000002 /* ContactsManager.swift in Sources */ = {isa = PBXBuildFile; fileRef = 2C2C2C2C2C2C2C2C2C2C2C2C /* ContactsManager.swift */; };
		CC0000000000000000000003 /* ContactsBackup.swift in Sources */ = {isa = PBXBuildFile; fileRef = 2F2F2F2F2F2F2F2F2F2F2F2F /* ContactsBackup.swift */; };
/* End PBXBuildFile section */

/* Begin PBXFileReference section */
		2A2A2A2A2A2A2A2A2A2A2A2A /* ContactsDeduperApp.swift */ = {isa = PBXFileReference; lastKnownFileType = sourcecode.swift; path = ContactsDeduperApp.swift; sourceTree = "<group>"; };
		2B2B2B2B2B2B2B2B2B2B2B2B /* ContentView.swift */ = {isa = PBXFileReference; lastKnownFileType = sourcecode.swift; path = ContentView.swift; sourceTree = "<group>"; };
		2C2C2C2C2C2C2C2C2C2C2C2C /* ContactsManager.swift */ = {isa = PBXFileReference; lastKnownFileType = sourcecode.swift; path = ContactsManager.swift; sourceTree = "<group>"; };
		2D2D2D2D2D2D2D2D2D2D2D2D /* Assets.xcassets */ = {isa = PBXFileReference; lastKnownFileType = folder.assetcatalog; path = Assets.xcassets; sourceTree = "<group>"; };
		2D2E2D2E2D2E2D2E2D2E2D2E /* PrivacyInfo.xcprivacy */ = {isa = PBXFileReference; lastKnownFileType = text.plist.xml; path = PrivacyInfo.xcprivacy; sourceTree = "<group>"; };
		2E2E2E2E2E2E2E2E2E2E2E2E /* ContactsDeduper.app */ = {isa = PBXFileReference; explicitFileType = wrapper.application; includeInIndex = 0; path = ContactsDeduper.app; sourceTree = BUILT_PRODUCTS_DIR; };
		2F2F2F2F2F2F2F2F2F2F2F2F /* ContactsBackup.swift */ = {isa = PBXFileReference; lastKnownFileType = sourcecode.swift; path = ContactsBackup.swift; sourceTree = "<group>"; };
		CC0000000000000000000010 /* DuplicateMatchingTests.swift */ = {isa = PBXFileReference; lastKnownFileType = sourcecode.swift; path = DuplicateMatchingTests.swift; sourceTree = "<group>"; };
		CC0000000000000000000012 /* DuplicateMatchingPerformanceTests.swift */ = {isa = PBXFileReference; lastKnownFileType = sourcecode.swift; path = DuplicateMatchingPerformanceTests.swift; sourceTree = "<group>"; };
		CC0000000000000000000013 /* ContactsBackupTests.swift */ = {isa = PBXFileReference; lastKnownFileType = sourcecode.swift; path = ContactsBackupTests.swift; sourceTree = "<group>"; };
		CC0000000000000000000014 /* ContactMergeTests.swift */ = {isa = PBXFileReference; lastKnownFileType = sourcecode.swift; path = ContactMergeTests.swift; sourceTree = "<group>"; };
		CC0000000000000000000011 /* ContactsDeduperTests.xctest */ = {isa = PBXFileReference; explicitFileType = wrapper.cfbundle; includeInIndex = 0; path = ContactsDeduperTests.xctest; sourceTree = BUILT_PRODUCTS_DIR; };
/* End PBXFileReference section */

/* Begin PBXFrameworksBuildPhase section */
		3A3A3A3A3A3A3A3A3A3A3A3A /* Frameworks */ = {
			isa = PBXFrameworksBuildPhase;
			buildActionMask = 2147483647;
			files = (
			);
			runOnlyForDeploymentPostprocessing = 0;
		};
		CC0000000000000000000031 /* Frameworks */ = {
			isa = PBXFrameworksBuildPhase;
			buildActionMask = 2147483647;
			files = (
			);
			runOnlyForDeploymentPostprocessing = 0;
		};
/* End PBXFrameworksBuildPhase section */

/* Begin PBXGroup section */
		4A4A4A4A4A4A4A4A4A4A4A4A = {
			isa = PBXGroup;
			children = (
				4B4B4B4B4B4B4B4B4B4B4B4B /* ContactsDeduper */,
				CC0000000000000000000020 /* ContactsDeduperTests */,
				4C4C4C4C4C4C4C4C4C4C4C4C /* Products */,
			);
			sourceTree = "<group>";
		};
		4B4B4B4B4B4B4B4B4B4B4B4B /* ContactsDeduper */ = {
			isa = PBXGroup;
			children = (
				2D2D2D2D2D2D2D2D2D2D2D2D /* Assets.xcassets */,
				2A2A2A2A2A2A2A2A2A2A2A2A /* ContactsDeduperApp.swift */,
				2B2B2B2B2B2B2B2B2B2B2B2B /* ContentView.swift */,
				2C2C2C2C2C2C2C2C2C2C2C2C /* ContactsManager.swift */,
				2F2F2F2F2F2F2F2F2F2F2F2F /* ContactsBackup.swift */,
				2D2E2D2E2D2E2D2E2D2E2D2E /* PrivacyInfo.xcprivacy */,
			);
			path = ContactsDeduper;
			sourceTree = "<group>";
		};
		4C4C4C4C4C4C4C4C4C4C4C4C /* Products */ = {
			isa = PBXGroup;
			children = (
				2E2E2E2E2E2E2E2E2E2E2E2E /* ContactsDeduper.app */,
				CC0000000000000000000011 /* ContactsDeduperTests.xctest */,
			);
			name = Products;
			sourceTree = "<group>";
		};
		CC0000000000000000000020 /* ContactsDeduperTests */ = {
			isa = PBXGroup;
			children = (
				CC0000000000000000000010 /* DuplicateMatchingTests.swift */,
				CC0000000000000000000012 /* DuplicateMatchingPerformanceTests.swift */,
				CC0000000000000000000013 /* ContactsBackupTests.swift */,
				CC0000000000000000000014 /* ContactMergeTests.swift */,
			);
			path = ContactsDeduperTests;
			sourceTree = "<group>";
		};
/* End PBXGroup section */

/* Begin PBXNativeTarget section */
		5A5A5A5A5A5A5A5A5A5A5A5A /* ContactsDeduper */ = {
			isa = PBXNativeTarget;
			buildConfigurationList = 6A6A6A6A6A6A6A6A6A6A6A6A /* Build configuration list for PBXNativeTarget "ContactsDeduper" */;
			buildPhases = (
				7A7A7A7A7A7A7A7A7A7A7A7A /* Sources */,
				3A3A3A3A3A3A3A3A3A3A3A3A /* Frameworks */,
				8A8A8A8A8A8A8A8A8A8A8A8A /* Resources */,
			);
			buildRules = (
			);
			dependencies = (
			);
			name = ContactsDeduper;
			productName = ContactsDeduper;
			productReference = 2E2E2E2E2E2E2E2E2E2E2E2E /* ContactsDeduper.app */;
			productType = "com.apple.product-type.application";
		};
		CC0000000000000000000040 /* ContactsDeduperTests */ = {
			isa = PBXNativeTarget;
			buildConfigurationList = CC0000000000000000000050 /* Build configuration list for PBXNativeTarget "ContactsDeduperTests" */;
			buildPhases = (
				CC0000000000000000000030 /* Sources */,
				CC0000000000000000000031 /* Frameworks */,
				CC0000000000000000000032 /* Resources */,
			);
			buildRules = (
			);
			dependencies = (
			);
			name = ContactsDeduperTests;
			productName = ContactsDeduperTests;
			productReference = CC0000000000000000000011 /* ContactsDeduperTests.xctest */;
			productType = "com.apple.product-type.bundle.unit-test";
		};
/* End PBXNativeTarget section */

/* Begin PBXProject section */
		9A9A9A9A9A9A9A9A9A9A9A9A /* Project object */ = {
			isa = PBXProject;
			attributes = {
				BuildIndependentTargetsInParallel = 1;
				LastSwiftUpdateCheck = 1600;
				LastUpgradeCheck = 1600;
				TargetAttributes = {
					5A5A5A5A5A5A5A5A5A5A5A5A = {
						CreatedOnToolsVersion = 16.0;
					};
					CC0000000000000000000040 = {
						CreatedOnToolsVersion = 16.0;
					};
				};
			};
			buildConfigurationList = 6B6B6B6B6B6B6B6B6B6B6B6B /* Build configuration list for PBXProject "ContactsDeduper" */;
			compatibilityVersion = "Xcode 14.0";
			developmentRegion = en;
			hasScannedForEncodings = 0;
			knownRegions = (
				en,
				Base,
			);
			mainGroup = 4A4A4A4A4A4A4A4A4A4A4A4A;
			productRefGroup = 4C4C4C4C4C4C4C4C4C4C4C4C /* Products */;
			projectDirPath = "";
			projectRoot = "";
			targets = (
				5A5A5A5A5A5A5A5A5A5A5A5A /* ContactsDeduper */,
				CC0000000000000000000040 /* ContactsDeduperTests */,
			);
		};
/* End PBXProject section */

/* Begin PBXResourcesBuildPhase section */
		8A8A8A8A8A8A8A8A8A8A8A8A /* Resources */ = {
			isa = PBXResourcesBuildPhase;
			buildActionMask = 2147483647;
			files = (
				1E1E1E1E1E1E1E1E1E1E1E1E /* Assets.xcassets in Resources */,
				1F1F1F1F1F1F1F1F1F1F1F1F /* PrivacyInfo.xcprivacy in Resources */,
			);
			runOnlyForDeploymentPostprocessing = 0;
		};
		CC0000000000000000000032 /* Resources */ = {
			isa = PBXResourcesBuildPhase;
			buildActionMask = 2147483647;
			files = (
			);
			runOnlyForDeploymentPostprocessing = 0;
		};
/* End PBXResourcesBuildPhase section */

/* Begin PBXSourcesBuildPhase section */
		7A7A7A7A7A7A7A7A7A7A7A7A /* Sources */ = {
			isa = PBXSourcesBuildPhase;
			buildActionMask = 2147483647;
			files = (
				1A1A1A1A1A1A1A1A1A1A1A1A /* ContactsDeduperApp.swift in Sources */,
				1B1B1B1B1B1B1B1B1B1B1B1B /* ContentView.swift in Sources */,
				1C1C1C1C1C1C1C1C1C1C1C1C /* ContactsManager.swift in Sources */,
				1D1D1D1D1D1D1D1D1D1D1D1D /* ContactsBackup.swift in Sources */,
			);
			runOnlyForDeploymentPostprocessing = 0;
		};
		CC0000000000000000000030 /* Sources */ = {
			isa = PBXSourcesBuildPhase;
			buildActionMask = 2147483647;
			files = (
				CC0000000000000000000001 /* DuplicateMatchingTests.swift in Sources */,
				CC0000000000000000000004 /* DuplicateMatchingPerformanceTests.swift in Sources */,
				CC0000000000000000000005 /* ContactsBackupTests.swift in Sources */,
				CC0000000000000000000006 /* ContactMergeTests.swift in Sources */,
				CC0000000000000000000002 /* ContactsManager.swift in Sources */,
				CC0000000000000000000003 /* ContactsBackup.swift in Sources */,
			);
			runOnlyForDeploymentPostprocessing = 0;
		};
/* End PBXSourcesBuildPhase section */

/* Begin XCBuildConfiguration section */
		AA0000000000000000000001 /* Debug */ = {
			isa = XCBuildConfiguration;
			buildSettings = {
				ALWAYS_SEARCH_USER_PATHS = NO;
				CLANG_ANALYZER_NONNULL = YES;
				CLANG_ANALYZER_NUMBER_OBJECT_CONVERSION = YES_AGGRESSIVE;
				CLANG_CXX_LANGUAGE_STANDARD = "gnu++20";
				CLANG_ENABLE_MODULES = YES;
				CLANG_ENABLE_OBJC_ARC = YES;
				CLANG_ENABLE_OBJC_WEAK = YES;
				CLANG_WARN_BLOCK_CAPTURE_AUTORELEASING = YES;
				CLANG_WARN_BOOL_CONVERSION = YES;
				CLANG_WARN_COMMA = YES;
				CLANG_WARN_CONSTANT_CONVERSION = YES;
				CLANG_WARN_DEPRECATED_OBJC_IMPLEMENTATIONS = YES;
				CLANG_WARN_DIRECT_OBJC_ISA_USAGE = YES_ERROR;
				CLANG_WARN_DOCUMENTATION_COMMENTS = YES;
				CLANG_WARN_EMPTY_BODY = YES;
				CLANG_WARN_ENUM_CONVERSION = YES;
				CLANG_WARN_INFINITE_RECURSION = YES;
				CLANG_WARN_INT_CONVERSION = YES;
				CLANG_WARN_NON_LITERAL_NULL_CONVERSION = YES;
				CLANG_WARN_OBJC_IMPLICIT_RETAIN_SELF = YES;
				CLANG_WARN_OBJC_LITERAL_CONVERSION = YES;
				CLANG_WARN_OBJC_ROOT_CLASS = YES_ERROR;
				CLANG_WARN_QUOTED_INCLUDE_IN_FRAMEWORK_HEADER = YES;
				CLANG_WARN_RANGE_LOOP_ANALYSIS = YES;
				CLANG_WARN_STRICT_PROTOTYPES = YES;
				CLANG_WARN_SUSPICIOUS_MOVE = YES;
				CLANG_WARN_UNGUARDED_AVAILABILITY = YES_AGGRESSIVE;
				CLANG_WARN_UNREACHABLE_CODE = YES;
				CLANG_WARN__DUPLICATE_METHOD_MATCH = YES;
				COPY_PHASE_STRIP = NO;
				DEBUG_INFORMATION_FORMAT = dwarf;
				ENABLE_STRICT_OBJC_MSGSEND = YES;
				ENABLE_TESTABILITY = YES;
				ENABLE_USER_SCRIPT_SANDBOXING = YES;
				GCC_C_LANGUAGE_STANDARD = gnu17;
				GCC_DYNAMIC_NO_PIC = NO;
				GCC_NO_COMMON_BLOCKS = YES;
				GCC_OPTIMIZATION_LEVEL = 0;
				GCC_PREPROCESSOR_DEFINITIONS = (
					"DEBUG=1",
					"$(inherited)",
				);
				GCC_WARN_64_TO_32_BIT_CONVERSION = YES;
				GCC_WARN_ABOUT_RETURN_TYPE = YES_ERROR;
				GCC_WARN_UNDECLARED_SELECTOR = YES;
				GCC_WARN_UNINITIALIZED_AUTOS = YES_AGGRESSIVE;
				GCC_WARN_UNUSED_FUNCTION = YES;
				GCC_WARN_UNUSED_VARIABLE = YES;
				IPHONEOS_DEPLOYMENT_TARGET = 17.0;
				MTL_ENABLE_DEBUG_INFO = INCLUDE_SOURCE;
				MTL_FAST_MATH = YES;
				ONLY_ACTIVE_ARCH = YES;
				SDKROOT = auto;
				SWIFT_ACTIVE_COMPILATION_CONDITIONS = DEBUG;
				SWIFT_OPTIMIZATION_LEVEL = "-Onone";
			};
			name = Debug;
		};
		AA0000000000000000000002 /* Release */ = {
			isa = XCBuildConfiguration;
			buildSettings = {
				ALWAYS_SEARCH_USER_PATHS = NO;
				CLANG_ANALYZER_NONNULL = YES;
				CLANG_ANALYZER_NUMBER_OBJECT_CONVERSION = YES_AGGRESSIVE;
				CLANG_CXX_LANGUAGE_STANDARD = "gnu++20";
				CLANG_ENABLE_MODULES = YES;
				CLANG_ENABLE_OBJC_ARC = YES;
				CLANG_ENABLE_OBJC_WEAK = YES;
				CLANG_WARN_BLOCK_CAPTURE_AUTORELEASING = YES;
				CLANG_WARN_BOOL_CONVERSION = YES;
				CLANG_WARN_COMMA = YES;
				CLANG_WARN_CONSTANT_CONVERSION = YES;
				CLANG_WARN_DEPRECATED_OBJC_IMPLEMENTATIONS = YES;
				CLANG_WARN_DIRECT_OBJC_ISA_USAGE = YES_ERROR;
				CLANG_WARN_DOCUMENTATION_COMMENTS = YES;
				CLANG_WARN_EMPTY_BODY = YES;
				CLANG_WARN_ENUM_CONVERSION = YES;
				CLANG_WARN_INFINITE_RECURSION = YES;
				CLANG_WARN_INT_CONVERSION = YES;
				CLANG_WARN_NON_LITERAL_NULL_CONVERSION = YES;
				CLANG_WARN_OBJC_IMPLICIT_RETAIN_SELF = YES;
				CLANG_WARN_OBJC_LITERAL_CONVERSION = YES;
				CLANG_WARN_OBJC_ROOT_CLASS = YES_ERROR;
				CLANG_WARN_QUOTED_INCLUDE_IN_FRAMEWORK_HEADER = YES;
				CLANG_WARN_RANGE_LOOP_ANALYSIS = YES;
				CLANG_WARN_STRICT_PROTOTYPES = YES;
				CLANG_WARN_SUSPICIOUS_MOVE = YES;
				CLANG_WARN_UNGUARDED_AVAILABILITY = YES_AGGRESSIVE;
				CLANG_WARN_UNREACHABLE_CODE = YES;
				CLANG_WARN__DUPLICATE_METHOD_MATCH = YES;
				COPY_PHASE_STRIP = NO;
				DEBUG_INFORMATION_FORMAT = "dwarf-with-dsym";
				ENABLE_NS_ASSERTIONS = NO;
				ENABLE_STRICT_OBJC_MSGSEND = YES;
				ENABLE_USER_SCRIPT_SANDBOXING = YES;
				GCC_C_LANGUAGE_STANDARD = gnu17;
				GCC_NO_COMMON_BLOCKS = YES;
				GCC_WARN_64_TO_32_BIT_CONVERSION = YES;
				GCC_WARN_ABOUT_RETURN_TYPE = YES_ERROR;
				GCC_WARN_UNDECLARED_SELECTOR = YES;
				GCC_WARN_UNINITIALIZED_AUTOS = YES_AGGRESSIVE;
				GCC_WARN_UNUSED_FUNCTION = YES;
				GCC_WARN_UNUSED_VARIABLE = YES;
				IPHONEOS_DEPLOYMENT_TARGET = 17.0;
				MTL_ENABLE_DEBUG_INFO = NO;
				MTL_FAST_MATH = YES;
				SDKROOT = auto;
				SWIFT_COMPILATION_MODE = wholemodule;
				VALIDATE_PRODUCT = YES;
			};
			name = Release;
		};
		BB0000000000000000000001 /* Debug */ = {
			isa = XCBuildConfiguration;
			buildSettings = {
				ASSETCATALOG_COMPILER_APPICON_NAME = AppIcon;
				CODE_SIGN_STYLE = Automatic;
				CURRENT_PROJECT_VERSION = 1;
				DEVELOPMENT_ASSET_PATHS = "";
				DEVELOPMENT_TEAM = "";
				ENABLE_APP_SANDBOX = YES;
				ENABLE_HARDENED_RUNTIME = YES;
				ENABLE_INCOMING_NETWORK_CONNECTIONS = NO;
				ENABLE_OUTGOING_NETWORK_CONNECTIONS = NO;
				ENABLE_RESOURCE_ACCESS_AUDIO_INPUT = NO;
				ENABLE_RESOURCE_ACCESS_BLUETOOTH = NO;
				ENABLE_RESOURCE_ACCESS_CALENDARS = NO;
				ENABLE_RESOURCE_ACCESS_CAMERA = NO;
				ENABLE_RESOURCE_ACCESS_CONTACTS = YES;
				ENABLE_RESOURCE_ACCESS_LOCATION = NO;
				ENABLE_RESOURCE_ACCESS_PRINTING = NO;
				ENABLE_RESOURCE_ACCESS_USB = NO;
				ENABLE_USER_SELECTED_FILES = readwrite;
				GENERATE_INFOPLIST_FILE = NO;
				INFOPLIST_FILE = ContactsDeduper/Info.plist;
				"INFOPLIST_FILE[sdk=macosx*]" = "ContactsDeduper/Info-macOS.plist";
				IPHONEOS_DEPLOYMENT_TARGET = 17.0;
				LD_RUNPATH_SEARCH_PATHS = (
					"$(inherited)",
					"@executable_path/Frameworks",
				);
				MACOSX_DEPLOYMENT_TARGET = 14.0;
				MARKETING_VERSION = 1.0;
				PRODUCT_BUNDLE_IDENTIFIER = org.gewill.ContactsDeduper;
				PRODUCT_NAME = "$(TARGET_NAME)";
				REGISTER_APP_GROUPS = NO;
				SUPPORTED_PLATFORMS = "iphoneos iphonesimulator macosx";
				SUPPORTS_MACCATALYST = NO;
				SUPPORTS_MAC_DESIGNED_FOR_IPHONE_IPAD = NO;
				SWIFT_EMIT_LOC_STRINGS = YES;
				SWIFT_VERSION = 5.0;
				TARGETED_DEVICE_FAMILY = "1,2";
			};
			name = Debug;
		};
		BB0000000000000000000002 /* Release */ = {
			isa = XCBuildConfiguration;
			buildSettings = {
				ASSETCATALOG_COMPILER_APPICON_NAME = AppIcon;
				CODE_SIGN_STYLE = Automatic;
				CURRENT_PROJECT_VERSION = 1;
				DEVELOPMENT_ASSET_PATHS = "";
				DEVELOPMENT_TEAM = "";
				ENABLE_APP_SANDBOX = YES;
				ENABLE_HARDENED_RUNTIME = YES;
				ENABLE_INCOMING_NETWORK_CONNECTIONS = NO;
				ENABLE_OUTGOING_NETWORK_CONNECTIONS = NO;
				ENABLE_RESOURCE_ACCESS_AUDIO_INPUT = NO;
				ENABLE_RESOURCE_ACCESS_BLUETOOTH = NO;
				ENABLE_RESOURCE_ACCESS_CALENDARS = NO;
				ENABLE_RESOURCE_ACCESS_CAMERA = NO;
				ENABLE_RESOURCE_ACCESS_CONTACTS = YES;
				ENABLE_RESOURCE_ACCESS_LOCATION = NO;
				ENABLE_RESOURCE_ACCESS_PRINTING = NO;
				ENABLE_RESOURCE_ACCESS_USB = NO;
				ENABLE_USER_SELECTED_FILES = readwrite;
				GENERATE_INFOPLIST_FILE = NO;
				INFOPLIST_FILE = ContactsDeduper/Info.plist;
				"INFOPLIST_FILE[sdk=macosx*]" = "ContactsDeduper/Info-macOS.plist";
				IPHONEOS_DEPLOYMENT_TARGET = 17.0;
				LD_RUNPATH_SEARCH_PATHS = (
					"$(inherited)",
					"@executable_path/Frameworks",
				);
				MACOSX_DEPLOYMENT_TARGET = 14.0;
				MARKETING_VERSION = 1.0;
				PRODUCT_BUNDLE_IDENTIFIER = org.gewill.ContactsDeduper;
				PRODUCT_NAME = "$(TARGET_NAME)";
				REGISTER_APP_GROUPS = NO;
				SUPPORTED_PLATFORMS = "iphoneos iphonesimulator macosx";
				SUPPORTS_MACCATALYST = NO;
				SUPPORTS_MAC_DESIGNED_FOR_IPHONE_IPAD = NO;
				SWIFT_EMIT_LOC_STRINGS = YES;
				SWIFT_VERSION = 5.0;
				TARGETED_DEVICE_FAMILY = "1,2";
			};
			name = Release;
		};
		CC0000000000000000000051 /* Debug */ = {
			isa = XCBuildConfiguration;
			buildSettings = {
				CODE_SIGN_STYLE = Automatic;
				CURRENT_PROJECT_VERSION = 1;
				GENERATE_INFOPLIST_FILE = YES;
				IPHONEOS_DEPLOYMENT_TARGET = 17.0;
				LD_RUNPATH_SEARCH_PATHS = (
					"$(inherited)",
					"@executable_path/Frameworks",
					"@loader_path/Frameworks",
				);
				MACOSX_DEPLOYMENT_TARGET = 14.0;
				MARKETING_VERSION = 1.0;
				PRODUCT_BUNDLE_IDENTIFIER = org.gewill.ContactsDeduperTests;
				PRODUCT_NAME = "$(TARGET_NAME)";
				SUPPORTED_PLATFORMS = "iphoneos iphonesimulator macosx";
				SUPPORTS_MACCATALYST = NO;
				SUPPORTS_MAC_DESIGNED_FOR_IPHONE_IPAD = NO;
				SWIFT_EMIT_LOC_STRINGS = NO;
				SWIFT_VERSION = 5.0;
				TARGETED_DEVICE_FAMILY = "1,2";
			};
			name = Debug;
		};
		CC0000000000000000000052 /* Release */ = {
			isa = XCBuildConfiguration;
			buildSettings = {
				CODE_SIGN_STYLE = Automatic;
				CURRENT_PROJECT_VERSION = 1;
				GENERATE_INFOPLIST_FILE = YES;
				IPHONEOS_DEPLOYMENT_TARGET = 17.0;
				LD_RUNPATH_SEARCH_PATHS = (
					"$(inherited)",
					"@executable_path/Frameworks",
					"@loader_path/Frameworks",
				);
				MACOSX_DEPLOYMENT_TARGET = 14.0;
				MARKETING_VERSION = 1.0;
				PRODUCT_BUNDLE_IDENTIFIER = org.gewill.ContactsDeduperTests;
				PRODUCT_NAME = "$(TARGET_NAME)";
				SUPPORTED_PLATFORMS = "iphoneos iphonesimulator macosx";
				SUPPORTS_MACCATALYST = NO;
				SUPPORTS_MAC_DESIGNED_FOR_IPHONE_IPAD = NO;
				SWIFT_EMIT_LOC_STRINGS = NO;
				SWIFT_VERSION = 5.0;
				TARGETED_DEVICE_FAMILY = "1,2";
			};
			name = Release;
		};
/* End XCBuildConfiguration section */

/* Begin XCConfigurationList section */
		6A6A6A6A6A6A6A6A6A6A6A6A /* Build configuration list for PBXNativeTarget "ContactsDeduper" */ = {
			isa = XCConfigurationList;
			buildConfigurations = (
				BB0000000000000000000001 /* Debug */,
				BB0000000000000000000002 /* Release */,
			);
			defaultConfigurationIsVisible = 0;
			defaultConfigurationName = Release;
		};
		6B6B6B6B6B6B6B6B6B6B6B6B /* Build configuration list for PBXProject "ContactsDeduper" */ = {
			isa = XCConfigurationList;
			buildConfigurations = (
				AA0000000000000000000001 /* Debug */,
				AA0000000000000000000002 /* Release */,
			);
			defaultConfigurationIsVisible = 0;
			defaultConfigurationName = Release;
		};
		CC0000000000000000000050 /* Build configuration list for PBXNativeTarget "ContactsDeduperTests" */ = {
			isa = XCConfigurationList;
			buildConfigurations = (
				CC0000000000000000000051 /* Debug */,
				CC0000000000000000000052 /* Release */,
			);
			defaultConfigurationIsVisible = 0;
			defaultConfigurationName = Release;
		};
/* End XCConfigurationList section */
	};
	rootObject = 9A9A9A9A9A9A9A9A9A9A9A9A /* Project object */;
}
